
Microsoft Visual Studio Solution File, Format Version 12.00
# Visual Studio 15
Project("{FAE04EC0-301F-11D3-BF4B-00C04F79EFBC}") = "AstarPathfindingProject", "AstarPathfindingProject.csproj", "{21A60844-64FE-42C4-F0E1-960D7F697EA8}"
EndProject
Project("{FAE04EC0-301F-11D3-BF4B-00C04F79EFBC}") = "AstarPathfindingProjectEditor", "AstarPathfindingProjectEditor.csproj", "{77DAEBED-014B-1BC2-0102-E658DB075A49}"
EndProject
Project("{FAE04EC0-301F-11D3-BF4B-00C04F79EFBC}") = "PackageToolsEditor", "PackageToolsEditor.csproj", "{A0646A8C-3050-9041-F3AD-CCC7630072F8}"
EndProject
Project("{FAE04EC0-301F-11D3-BF4B-00C04F79EFBC}") = "Assembly-CSharp", "Assembly-CSharp.csproj", "{32C3BDE6-E125-3128-82C1-25D0441455A3}"
EndProject
Global
	GlobalSection(SolutionConfigurationPlatforms) = preSolution
		Debug|Any CPU = Debug|Any CPU
		Release|Any CPU = Release|Any CPU
	EndGlobalSection
	GlobalSection(ProjectConfigurationPlatforms) = postSolution
		{21A60844-64FE-42C4-F0E1-960D7F697EA8}.Debug|Any CPU.ActiveCfg = Debug|Any CPU
		{21A60844-64FE-42C4-F0E1-960D7F697EA8}.Debug|Any CPU.Build.0 = Debug|Any CPU
		{21A60844-64FE-42C4-F0E1-960D7F697EA8}.Release|Any CPU.ActiveCfg = Release|Any CPU
		{21A60844-64FE-42C4-F0E1-960D7F697EA8}.Release|Any CPU.Build.0 = Release|Any CPU
		{77DAEBED-014B-1BC2-0102-E658DB075A49}.Debug|Any CPU.ActiveCfg = Debug|Any CPU
		{77DAEBED-014B-1BC2-0102-E658DB075A49}.Debug|Any CPU.Build.0 = Debug|Any CPU
		{77DAEBED-014B-1BC2-0102-E658DB075A49}.Release|Any CPU.ActiveCfg = Release|Any CPU
		{77DAEBED-014B-1BC2-0102-E658DB075A49}.Release|Any CPU.Build.0 = Release|Any CPU
		{A0646A8C-3050-9041-F3AD-CCC7630072F8}.Debug|Any CPU.ActiveCfg = Debug|Any CPU
		{A0646A8C-3050-9041-F3AD-CCC7630072F8}.Debug|Any CPU.Build.0 = Debug|Any CPU
		{A0646A8C-3050-9041-F3AD-CCC7630072F8}.Release|Any CPU.ActiveCfg = Release|Any CPU
		{A0646A8C-3050-9041-F3AD-CCC7630072F8}.Release|Any CPU.Build.0 = Release|Any CPU
		{32C3BDE6-E125-3128-82C1-25D0441455A3}.Debug|Any CPU.ActiveCfg = Debug|Any CPU
		{32C3BDE6-E125-3128-82C1-25D0441455A3}.Debug|Any CPU.Build.0 = Debug|Any CPU
		{32C3BDE6-E125-3128-82C1-25D0441455A3}.Release|Any CPU.ActiveCfg = Release|Any CPU
		{32C3BDE6-E125-3128-82C1-25D0441455A3}.Release|Any CPU.Build.0 = Release|Any CPU
	EndGlobalSection
	GlobalSection(SolutionProperties) = preSolution
		HideSolutionNode = FALSE
	EndGlobalSection
EndGlobal
